// !$*UTF8*$!
{
	archiveVersion = 1;
	classes = {
	};
	objectVersion = 46;
	objects = {

/* Begin PBXBuildFile section */
		763CCBD420433C6700E440AD /* bn.cpp in Sources */ = {isa = PBXBuildFile; fileRef = 763CCBD020433C6700E440AD /* bn.cpp */; };
		763CCBD520433C6700E440AD /* factor.cpp in Sources */ = {isa = PBXBuildFile; fileRef = 763CCBD220433C6700E440AD /* factor.cpp */; };
		763CCBD620433C6700E440AD /* learntest.cpp in Sources */ = {isa = PBXBuildFile; fileRef = 763CCBD320433C6700E440AD /* learntest.cpp */; };
/* End PBXBuildFile section */

/* Begin PBXCopyFilesBuildPhase section */
		763CCBBB20433C2800E440AD /* CopyFiles */ = {
			isa = PBXCopyFilesBuildPhase;
			buildActionMask = 2147483647;
			dstPath = /usr/share/man/man1/;
			dstSubfolderSpec = 0;
			files = (
			);
			runOnlyForDeploymentPostprocessing = 1;
		};
/* End PBXCopyFilesBuildPhase section */

/* Begin PBXFileReference section */
		763CCBBD20433C2800E440AD /* PS8 */ = {isa = PBXFileReference; explicitFileType = "compiled.mach-o.executable"; includeInIndex = 0; path = PS8; sourceTree = BUILT_PRODUCTS_DIR; };
		763CCBCF20433C6700E440AD /* factor.h */ = {isa = PBXFileReference; fileEncoding = 4; lastKnownFileType = sourcecode.c.h; path = factor.h; sourceTree = "<group>"; };
		763CCBD020433C6700E440AD /* bn.cpp */ = {isa = PBXFileReference; fileEncoding = 4; lastKnownFileType = sourcecode.cpp.cpp; path = bn.cpp; sourceTree = "<group>"; };
		763CCBD120433C6700E440AD /* bn.h */ = {isa = PBXFileReference; fileEncoding = 4; lastKnownFileType = sourcecode.c.h; path = bn.h; sourceTree = "<group>"; };
		763CCBD220433C6700E440AD /* factor.cpp */ = {isa = PBXFileReference; fileEncoding = 4; lastKnownFileType = sourcecode.cpp.cpp; path = factor.cpp; sourceTree = "<group>"; };
		763CCBD320433C6700E440AD /* learntest.cpp */ = {isa = PBXFileReference; fileEncoding = 4; lastKnownFileType = sourcecode.cpp.cpp; path = learntest.cpp; sourceTree = "<group>"; };
/* End PBXFileReference section */

/* Begin PBXFrameworksBuildPhase section */
		763CCBBA20433C2800E440AD /* Frameworks */ = {
			isa = PBXFrameworksBuildPhase;
			buildActionMask = 2147483647;
			files = (
			);
			runOnlyForDeploymentPostprocessing = 0;
		};
/* End PBXFrameworksBuildPhase section */

/* Begin PBXGroup section */
		763CCBB420433C2800E440AD = {
			isa = PBXGroup;
			children = (
				763CCBBF20433C2800E440AD /* PS8 */,
				763CCBBE20433C2800E440AD /* Products */,
			);
			sourceTree = "<group>";
		};
		763CCBBE20433C2800E440AD /* Products */ = {
			isa = PBXGroup;
			children = (
				763CCBBD20433C2800E440AD /* PS8 */,
			);
			name = Products;
			sourceTree = "<group>";
		};
		763CCBBF20433C2800E440AD /* PS8 */ = {
			isa = PBXGroup;
			children = (
				763CCBCF20433C6700E440AD /* factor.h */,
				763CCBD020433C6700E440AD /* bn.cpp */,
				763CCBD120433C6700E440AD /* bn.h */,
				763CCBD220433C6700E440AD /* factor.cpp */,
				763CCBD320433C6700E440AD /* learntest.cpp */,
			);
			path = PS8;
			sourceTree = "<group>";
		};
/* End PBXGroup section */

/* Begin PBXNativeTarget section */
		763CCBBC20433C2800E440AD /* PS8 */ = {
			isa = PBXNativeTarget;
			buildConfigurationList = 763CCBC420433C2800E440AD /* Build configuration list for PBXNativeTarget "PS8" */;
			buildPhases = (
				763CCBB920433C2800E440AD /* Sources */,
				763CCBBA20433C2800E440AD /* Frameworks */,
				763CCBBB20433C2800E440AD /* CopyFiles */,
			);
			buildRules = (
			);
			dependencies = (
			);
			name = PS8;
			productName = PS8;
			productReference = 763CCBBD20433C2800E440AD /* PS8 */;
			productType = "com.apple.product-type.tool";
		};
/* End PBXNativeTarget section */

/* Begin PBXProject section */
		763CCBB520433C2800E440AD /* Project object */ = {
			isa = PBXProject;
			attributes = {
				LastUpgradeCheck = 0830;
				ORGANIZATIONNAME = ZhihuiShao;
				TargetAttributes = {
					763CCBBC20433C2800E440AD = {
						CreatedOnToolsVersion = 8.3.3;
						ProvisioningStyle = Automatic;
					};
				};
			};
			buildConfigurationList = 763CCBB820433C2800E440AD /* Build configuration list for PBXProject "PS8" */;
			compatibilityVersion = "Xcode 3.2";
			developmentRegion = English;
			hasScannedForEncodings = 0;
			knownRegions = (
				en,
			);
			mainGroup = 763CCBB420433C2800E440AD;
			productRefGroup = 763CCBBE20433C2800E440AD /* Products */;
			projectDirPath = "";
			projectRoot = "";
			targets = (
				763CCBBC20433C2800E440AD /* PS8 */,
			);
		};
/* End PBXProject section */

/* Begin PBXSourcesBuildPhase section */
		763CCBB920433C2800E440AD /* Sources */ = {
			isa = PBXSourcesBuildPhase;
			buildActionMask = 2147483647;
			files = (
				763CCBD620433C6700E440AD /* learntest.cpp in Sources */,
				763CCBD520433C6700E440AD /* factor.cpp in Sources */,
				763CCBD420433C6700E440AD /* bn.cpp in Sources */,
			);
			runOnlyForDeploymentPostprocessing = 0;
		};
/* End PBXSourcesBuildPhase section */

/* Begin XCBuildConfiguration section */
		763CCBC220433C2800E440AD /* Debug */ = {
			isa = XCBuildConfiguration;
			buildSettings = {
				ALWAYS_SEARCH_USER_PATHS = NO;
				CLANG_ANALYZER_NONNULL = YES;
				CLANG_ANALYZER_NUMBER_OBJECT_CONVERSION = YES_AGGRESSIVE;
				CLANG_CXX_LANGUAGE_STANDARD = "gnu++0x";
				CLANG_CXX_LIBRARY = "libc++";
				CLANG_ENABLE_MODULES = YES;
				CLANG_ENABLE_OBJC_ARC = YES;
				CLANG_WARN_BOOL_CONVERSION = YES;
				CLANG_WARN_CONSTANT_CONVERSION = YES;
				CLANG_WARN_DIRECT_OBJC_ISA_USAGE = YES_ERROR;
				CLANG_WARN_DOCUMENTATION_COMMENTS = YES;
				CLANG_WARN_EMPTY_BODY = YES;
				CLANG_WARN_ENUM_CONVERSION = YES;
				CLANG_WARN_INFINITE_RECURSION = YES;
				CLANG_WARN_INT_CONVERSION = YES;
				CLANG_WARN_OBJC_ROOT_CLASS = YES_ERROR;
				CLANG_WARN_SUSPICIOUS_MOVE = YES;
				CLANG_WARN_UNREACHABLE_CODE = YES;
				CLANG_WARN__DUPLICATE_METHOD_MATCH = YES;
				CODE_SIGN_IDENTITY = "-";
				COPY_PHASE_STRIP = NO;
				DEBUG_INFORMATION_FORMAT = dwarf;
				ENABLE_STRICT_OBJC_MSGSEND = YES;
				ENABLE_TESTABILITY = YES;
				GCC_C_LANGUAGE_STANDARD = gnu99;
				GCC_DYNAMIC_NO_PIC = NO;
				GCC_NO_COMMON_BLOCKS = YES;
				GCC_OPTIMIZATION_LEVEL = 0;
				GCC_PREPROCESSOR_DEFINITIONS = (
					"DEBUG=1",
					"$(inherited)",
				);
				GCC_WARN_64_TO_32_BIT_CONVERSION = YES;
				GCC_WARN_ABOUT_RETURN_TYPE = YES_ERROR;
				GCC_WARN_UNDECLARED_SELECTOR = YES;
				GCC_WARN_UNINITIALIZED_AUTOS = YES_AGGRESSIVE;
				GCC_WARN_UNUSED_FUNCTION = YES;
				GCC_WARN_UNUSED_VARIABLE = YES;
				MACOSX_DEPLOYMENT_TARGET = 10.12;
				MTL_ENABLE_DEBUG_INFO = YES;
				ONLY_ACTIVE_ARCH = YES;
				SDKROOT = macosx;
			};
			name = Debug;
		};
		763CCBC320433C2800E440AD /* Release */ = {
			isa = XCBuildConfiguration;
			buildSettings = {
				ALWAYS_SEARCH_USER_PATHS = NO;
				CLANG_ANALYZER_NONNULL = YES;
				CLANG_ANALYZER_NUMBER_OBJECT_CONVERSION = YES_AGGRESSIVE;
				CLANG_CXX_LANGUAGE_STANDARD = "gnu++0x";
				CLANG_CXX_LIBRARY = "libc++";
				CLANG_ENABLE_MODULES = YES;
				CLANG_ENABLE_OBJC_ARC = YES;
				CLANG_WARN_BOOL_CONVERSION = YES;
				CLANG_WARN_CONSTANT_CONVERSION = YES;
				CLANG_WARN_DIRECT_OBJC_ISA_USAGE = YES_ERROR;
				CLANG_WARN_DOCUMENTATION_COMMENTS = YES;
				CLANG_WARN_EMPTY_BODY = YES;
				CLANG_WARN_ENUM_CONVERSION = YES;
				CLANG_WARN_INFINITE_RECURSION = YES;
				CLANG_WARN_INT_CONVERSION = YES;
				CLANG_WARN_OBJC_ROOT_CLASS = YES_ERROR;
				CLANG_WARN_SUSPICIOUS_MOVE = YES;
				CLANG_WARN_UNREACHABLE_CODE = YES;
				CLANG_WARN__DUPLICATE_METHOD_MATCH = YES;
				CODE_SIGN_IDENTITY = "-";
				COPY_PHASE_STRIP = NO;
				DEBUG_INFORMATION_FORMAT = "dwarf-with-dsym";
				ENABLE_NS_ASSERTIONS = NO;
				ENABLE_STRICT_OBJC_MSGSEND = YES;
				GCC_C_LANGUAGE_STANDARD = gnu99;
				GCC_NO_COMMON_BLOCKS = YES;
				GCC_WARN_64_TO_32_BIT_CONVERSION = YES;
				GCC_WARN_ABOUT_RETURN_TYPE = YES_ERROR;
				GCC_WARN_UNDECLARED_SELECTOR = YES;
				GCC_WARN_UNINITIALIZED_AUTOS = YES_AGGRESSIVE;
				GCC_WARN_UNUSED_FUNCTION = YES;
				GCC_WARN_UNUSED_VARIABLE = YES;
				MACOSX_DEPLOYMENT_TARGET = 10.12;
				MTL_ENABLE_DEBUG_INFO = NO;
				SDKROOT = macosx;
			};
			name = Release;
		};
		763CCBC520433C2800E440AD /* Debug */ = {
			isa = XCBuildConfiguration;
			buildSettings = {
				PRODUCT_NAME = "$(TARGET_NAME)";
			};
			name = Debug;
		};
		763CCBC620433C2800E440AD /* Release */ = {
			isa = XCBuildConfiguration;
			buildSettings = {
				PRODUCT_NAME = "$(TARGET_NAME)";
			};
			name = Release;
		};
/* End XCBuildConfiguration section */

/* Begin XCConfigurationList section */
		763CCBB820433C2800E440AD /* Build configuration list for PBXProject "PS8" */ = {
			isa = XCConfigurationList;
			buildConfigurations = (
				763CCBC220433C2800E440AD /* Debug */,
				763CCBC320433C2800E440AD /* Release */,
			);
			defaultConfigurationIsVisible = 0;
			defaultConfigurationName = Release;
		};
		763CCBC420433C2800E440AD /* Build configuration list for PBXNativeTarget "PS8" */ = {
			isa = XCConfigurationList;
			buildConfigurations = (
				763CCBC520433C2800E440AD /* Debug */,
				763CCBC620433C2800E440AD /* Release */,
			);
			defaultConfigurationIsVisible = 0;
		};
/* End XCConfigurationList section */
	};
	rootObject = 763CCBB520433C2800E440AD /* Project object */;
}
